
Microsoft Visual Studio Solution File, Format Version 12.00
# Visual Studio Version 17
VisualStudioVersion = 17.9.34607.119
MinimumVisualStudioVersion = 10.0.40219.1
Project("{FAE04EC0-301F-11D3-BF4B-00C04F79EFBC}") = "GameOfBlackJack", "GameOfBlackJack.csproj", "{5BBDB636-1D95-4D6C-9035-0A8720664774}"
EndProject
Global
	GlobalSection(SolutionConfigurationPlatforms) = preSolution
		Debug|Any CPU = Debug|Any CPU
		Release|Any CPU = Release|Any CPU
	EndGlobalSection
	GlobalSection(ProjectConfigurationPlatforms) = postSolution
		{5BBDB636-1D95-4D6C-9035-0A8720664774}.Debug|Any CPU.ActiveCfg = Debug|Any CPU
		{5BBDB636-1D95-4D6C-9035-0A8720664774}.Debug|Any CPU.Build.0 = Debug|Any CPU
		{5BBDB636-1D95-4D6C-9035-0A8720664774}.Release|Any CPU.ActiveCfg = Release|Any CPU
		{5BBDB636-1D95-4D6C-9035-0A8720664774}.Release|Any CPU.Build.0 = Release|Any CPU
	EndGlobalSection
	GlobalSection(SolutionProperties) = preSolution
		HideSolutionNode = FALSE
	EndGlobalSection
	GlobalSection(ExtensibilityGlobals) = postSolution
		SolutionGuid = {F71CEE83-113C-428E-A0EB-8DAF5CF0E2E7}
	EndGlobalSection
EndGlobal
